
Microsoft Visual Studio Solution File, Format Version 12.00
# Visual Studio Version 17
VisualStudioVersion = 17.4.33122.133
MinimumVisualStudioVersion = 10.0.40219.1
Project("{FAE04EC0-301F-11D3-BF4B-00C04F79EFBC}") = "ChipWhiteside_AutoVin_Code_Challenge", "ChipWhiteside_AutoVin_Code_Challenge\ChipWhiteside_AutoVin_Code_Challenge.csproj", "{77F7216A-D459-4107-8B97-C896E997CCD0}"
EndProject
Global
	GlobalSection(SolutionConfigurationPlatforms) = preSolution
		Debug|Any CPU = Debug|Any CPU
		Release|Any CPU = Release|Any CPU
	EndGlobalSection
	GlobalSection(ProjectConfigurationPlatforms) = postSolution
		{77F7216A-D459-4107-8B97-C896E997CCD0}.Debug|Any CPU.ActiveCfg = Debug|Any CPU
		{77F7216A-D459-4107-8B97-C896E997CCD0}.Debug|Any CPU.Build.0 = Debug|Any CPU
		{77F7216A-D459-4107-8B97-C896E997CCD0}.Release|Any CPU.ActiveCfg = Release|Any CPU
		{77F7216A-D459-4107-8B97-C896E997CCD0}.Release|Any CPU.Build.0 = Release|Any CPU
	EndGlobalSection
	GlobalSection(SolutionProperties) = preSolution
		HideSolutionNode = FALSE
	EndGlobalSection
	GlobalSection(ExtensibilityGlobals) = postSolution
		SolutionGuid = {D70258A9-B676-426D-8A22-90E77F9A1AE4}
	EndGlobalSection
EndGlobal
